
Microsoft Visual Studio Solution File, Format Version 12.00
# Visual Studio Version 17
VisualStudioVersion = 17.7.34003.232
MinimumVisualStudioVersion = 10.0.40219.1
Project("{FAE04EC0-301F-11D3-BF4B-00C04F79EFBC}") = "InfoPC", "InfoPC\InfoPC.csproj", "{B8F17BF4-D9B8-4CE8-985F-F58481909E29}"
EndProject
Global
	GlobalSection(SolutionConfigurationPlatforms) = preSolution
		Debug|Any CPU = Debug|Any CPU
		Release|Any CPU = Release|Any CPU
	EndGlobalSection
	GlobalSection(ProjectConfigurationPlatforms) = postSolution
		{B8F17BF4-D9B8-4CE8-985F-F58481909E29}.Debug|Any CPU.ActiveCfg = Debug|Any CPU
		{B8F17BF4-D9B8-4CE8-985F-F58481909E29}.Debug|Any CPU.Build.0 = Debug|Any CPU
		{B8F17BF4-D9B8-4CE8-985F-F58481909E29}.Release|Any CPU.ActiveCfg = Release|Any CPU
		{B8F17BF4-D9B8-4CE8-985F-F58481909E29}.Release|Any CPU.Build.0 = Release|Any CPU
	EndGlobalSection
	GlobalSection(SolutionProperties) = preSolution
		HideSolutionNode = FALSE
	EndGlobalSection
	GlobalSection(ExtensibilityGlobals) = postSolution
		SolutionGuid = {2BC25B36-F841-41FC-B1E4-B25EEEC14818}
	EndGlobalSection
EndGlobal
